
Microsoft Visual Studio Solution File, Format Version 12.00
# Visual Studio Version 17
VisualStudioVersion = 17.7.34018.315
MinimumVisualStudioVersion = 10.0.40219.1
Project("{FAE04EC0-301F-11D3-BF4B-00C04F79EFBC}") = "hw_16_09_23", "hw_16_09_23\hw_16_09_23.csproj", "{A2397F0C-1A3B-4DA0-8A55-2000419AA0DE}"
EndProject
Global
	GlobalSection(SolutionConfigurationPlatforms) = preSolution
		Debug|Any CPU = Debug|Any CPU
		Release|Any CPU = Release|Any CPU
	EndGlobalSection
	GlobalSection(ProjectConfigurationPlatforms) = postSolution
		{A2397F0C-1A3B-4DA0-8A55-2000419AA0DE}.Debug|Any CPU.ActiveCfg = Debug|Any CPU
		{A2397F0C-1A3B-4DA0-8A55-2000419AA0DE}.Debug|Any CPU.Build.0 = Debug|Any CPU
		{A2397F0C-1A3B-4DA0-8A55-2000419AA0DE}.Release|Any CPU.ActiveCfg = Release|Any CPU
		{A2397F0C-1A3B-4DA0-8A55-2000419AA0DE}.Release|Any CPU.Build.0 = Release|Any CPU
	EndGlobalSection
	GlobalSection(SolutionProperties) = preSolution
		HideSolutionNode = FALSE
	EndGlobalSection
	GlobalSection(ExtensibilityGlobals) = postSolution
		SolutionGuid = {D8949F87-A768-4B59-A2D0-35EFE76E8B69}
	EndGlobalSection
EndGlobal
